// !$*UTF8*$!
{
	archiveVersion = 1;
	classes = {
	};
	objectVersion = 50;
	objects = {

/* Begin PBXBuildFile section */
		A294D95922BA6F4E0077EE2A /* DateRange.swift in Sources */ = {isa = PBXBuildFile; fileRef = A294D95822BA6F4E0077EE2A /* DateRange.swift */; };
		A2D7C00422B869BD0093F422 /* WeekdayHeaderView.swift in Sources */ = {isa = PBXBuildFile; fileRef = A2D7C00322B869BD0093F422 /* WeekdayHeaderView.swift */; };
		A2D7C00622B86D350093F422 /* MonthView.swift in Sources */ = {isa = PBXBuildFile; fileRef = A2D7C00522B86D350093F422 /* MonthView.swift */; };
		A2D7C00822B86D800093F422 /* MonthHeaderView.swift in Sources */ = {isa = PBXBuildFile; fileRef = A2D7C00722B86D800093F422 /* MonthHeaderView.swift */; };
		A2D7C00C22B9030D0093F422 /* CalendarView.swift in Sources */ = {isa = PBXBuildFile; fileRef = A2D7C00B22B9030D0093F422 /* CalendarView.swift */; };
		A2D7C00F22B904060093F422 /* Date+Additions.swift in Sources */ = {isa = PBXBuildFile; fileRef = A2D7C00E22B904060093F422 /* Date+Additions.swift */; };
		A2F3D71622B2F5FF00E53671 /* AppDelegate.swift in Sources */ = {isa = PBXBuildFile; fileRef = A2F3D71522B2F5FF00E53671 /* AppDelegate.swift */; };
		A2F3D71822B2F5FF00E53671 /* SceneDelegate.swift in Sources */ = {isa = PBXBuildFile; fileRef = A2F3D71722B2F5FF00E53671 /* SceneDelegate.swift */; };
		A2F3D71C22B2F60000E53671 /* Assets.xcassets in Resources */ = {isa = PBXBuildFile; fileRef = A2F3D71B22B2F60000E53671 /* Assets.xcassets */; };
		A2F3D71F22B2F60000E53671 /* Preview Assets.xcassets in Resources */ = {isa = PBXBuildFile; fileRef = A2F3D71E22B2F60000E53671 /* Preview Assets.xcassets */; };
		A2F3D72222B2F60000E53671 /* LaunchScreen.storyboard in Resources */ = {isa = PBXBuildFile; fileRef = A2F3D72022B2F60000E53671 /* LaunchScreen.storyboard */; };
		A2FA042122BC448100AA7DC5 /* Month.swift in Sources */ = {isa = PBXBuildFile; fileRef = A2FA042022BC448100AA7DC5 /* Month.swift */; };
/* End PBXBuildFile section */

/* Begin PBXFileReference section */
		A294D95822BA6F4E0077EE2A /* DateRange.swift */ = {isa = PBXFileReference; lastKnownFileType = sourcecode.swift; path = DateRange.swift; sourceTree = "<group>"; };
		A2D7C00322B869BD0093F422 /* WeekdayHeaderView.swift */ = {isa = PBXFileReference; lastKnownFileType = sourcecode.swift; path = WeekdayHeaderView.swift; sourceTree = "<group>"; };
		A2D7C00522B86D350093F422 /* MonthView.swift */ = {isa = PBXFileReference; lastKnownFileType = sourcecode.swift; path = MonthView.swift; sourceTree = "<group>"; };
		A2D7C00722B86D800093F422 /* MonthHeaderView.swift */ = {isa = PBXFileReference; lastKnownFileType = sourcecode.swift; path = MonthHeaderView.swift; sourceTree = "<group>"; };
		A2D7C00B22B9030D0093F422 /* CalendarView.swift */ = {isa = PBXFileReference; lastKnownFileType = sourcecode.swift; path = CalendarView.swift; sourceTree = "<group>"; };
		A2D7C00E22B904060093F422 /* Date+Additions.swift */ = {isa = PBXFileReference; lastKnownFileType = sourcecode.swift; path = "Date+Additions.swift"; sourceTree = "<group>"; };
		A2F3D71222B2F5FF00E53671 /* CalendarView.app */ = {isa = PBXFileReference; explicitFileType = wrapper.application; includeInIndex = 0; path = CalendarView.app; sourceTree = BUILT_PRODUCTS_DIR; };
		A2F3D71522B2F5FF00E53671 /* AppDelegate.swift */ = {isa = PBXFileReference; lastKnownFileType = sourcecode.swift; path = AppDelegate.swift; sourceTree = "<group>"; };
		A2F3D71722B2F5FF00E53671 /* SceneDelegate.swift */ = {isa = PBXFileReference; lastKnownFileType = sourcecode.swift; path = SceneDelegate.swift; sourceTree = "<group>"; };
		A2F3D71B22B2F60000E53671 /* Assets.xcassets */ = {isa = PBXFileReference; lastKnownFileType = folder.assetcatalog; path = Assets.xcassets; sourceTree = "<group>"; };
		A2F3D71E22B2F60000E53671 /* Preview Assets.xcassets */ = {isa = PBXFileReference; lastKnownFileType = folder.assetcatalog; path = "Preview Assets.xcassets"; sourceTree = "<group>"; };
		A2F3D72122B2F60000E53671 /* Base */ = {isa = PBXFileReference; lastKnownFileType = file.storyboard; name = Base; path = Base.lproj/LaunchScreen.storyboard; sourceTree = "<group>"; };
		A2F3D72322B2F60000E53671 /* Info.plist */ = {isa = PBXFileReference; lastKnownFileType = text.plist.xml; path = Info.plist; sourceTree = "<group>"; };
		A2FA042022BC448100AA7DC5 /* Month.swift */ = {isa = PBXFileReference; lastKnownFileType = sourcecode.swift; path = Month.swift; sourceTree = "<group>"; };
/* End PBXFileReference section */

/* Begin PBXFrameworksBuildPhase section */
		A2F3D70F22B2F5FF00E53671 /* Frameworks */ = {
			isa = PBXFrameworksBuildPhase;
			buildActionMask = 2147483647;
			files = (
			);
			runOnlyForDeploymentPostprocessing = 0;
		};
/* End PBXFrameworksBuildPhase section */

/* Begin PBXGroup section */
		A294D95722BA6F030077EE2A /* Model */ = {
			isa = PBXGroup;
			children = (
				A294D95822BA6F4E0077EE2A /* DateRange.swift */,
				A2FA042022BC448100AA7DC5 /* Month.swift */,
			);
			path = Model;
			sourceTree = "<group>";
		};
		A2D7C00922B86DA70093F422 /* View */ = {
			isa = PBXGroup;
			children = (
				A2D7C00B22B9030D0093F422 /* CalendarView.swift */,
				A2D7C00322B869BD0093F422 /* WeekdayHeaderView.swift */,
				A2D7C00522B86D350093F422 /* MonthView.swift */,
				A2D7C00722B86D800093F422 /* MonthHeaderView.swift */,
			);
			path = View;
			sourceTree = "<group>";
		};
		A2D7C00A22B86DD70093F422 /* Resources */ = {
			isa = PBXGroup;
			children = (
				A2F3D71B22B2F60000E53671 /* Assets.xcassets */,
				A2F3D72022B2F60000E53671 /* LaunchScreen.storyboard */,
				A2F3D72322B2F60000E53671 /* Info.plist */,
			);
			path = Resources;
			sourceTree = "<group>";
		};
		A2D7C00D22B903E10093F422 /* Extensions */ = {
			isa = PBXGroup;
			children = (
				A2D7C00E22B904060093F422 /* Date+Additions.swift */,
			);
			path = Extensions;
			sourceTree = "<group>";
		};
		A2F3D70922B2F5FF00E53671 = {
			isa = PBXGroup;
			children = (
				A2F3D71422B2F5FF00E53671 /* CalendarView */,
				A2F3D71322B2F5FF00E53671 /* Products */,
			);
			sourceTree = "<group>";
		};
		A2F3D71322B2F5FF00E53671 /* Products */ = {
			isa = PBXGroup;
			children = (
				A2F3D71222B2F5FF00E53671 /* CalendarView.app */,
			);
			name = Products;
			sourceTree = "<group>";
		};
		A2F3D71422B2F5FF00E53671 /* CalendarView */ = {
			isa = PBXGroup;
			children = (
				A2F3D71522B2F5FF00E53671 /* AppDelegate.swift */,
				A2F3D71722B2F5FF00E53671 /* SceneDelegate.swift */,
				A294D95722BA6F030077EE2A /* Model */,
				A2D7C00922B86DA70093F422 /* View */,
				A2D7C00D22B903E10093F422 /* Extensions */,
				A2D7C00A22B86DD70093F422 /* Resources */,
				A2F3D71D22B2F60000E53671 /* Preview Content */,
			);
			path = CalendarView;
			sourceTree = "<group>";
		};
		A2F3D71D22B2F60000E53671 /* Preview Content */ = {
			isa = PBXGroup;
			children = (
				A2F3D71E22B2F60000E53671 /* Preview Assets.xcassets */,
			);
			path = "Preview Content";
			sourceTree = "<group>";
		};
/* End PBXGroup section */

/* Begin PBXNativeTarget section */
		A2F3D71122B2F5FF00E53671 /* CalendarView */ = {
			isa = PBXNativeTarget;
			buildConfigurationList = A2F3D72622B2F60000E53671 /* Build configuration list for PBXNativeTarget "CalendarView" */;
			buildPhases = (
				A2F3D70E22B2F5FF00E53671 /* Sources */,
				A2F3D70F22B2F5FF00E53671 /* Frameworks */,
				A2F3D71022B2F5FF00E53671 /* Resources */,
			);
			buildRules = (
			);
			dependencies = (
			);
			name = CalendarView;
			productName = CalendarView;
			productReference = A2F3D71222B2F5FF00E53671 /* CalendarView.app */;
			productType = "com.apple.product-type.application";
		};
/* End PBXNativeTarget section */

/* Begin PBXProject section */
		A2F3D70A22B2F5FF00E53671 /* Project object */ = {
			isa = PBXProject;
			attributes = {
				LastSwiftUpdateCheck = 1100;
				LastUpgradeCheck = 1100;
				ORGANIZATIONNAME = "Alexander Kerendian";
				TargetAttributes = {
					A2F3D71122B2F5FF00E53671 = {
						CreatedOnToolsVersion = 11.0;
					};
				};
			};
			buildConfigurationList = A2F3D70D22B2F5FF00E53671 /* Build configuration list for PBXProject "CalendarView" */;
			compatibilityVersion = "Xcode 9.3";
			developmentRegion = en;
			hasScannedForEncodings = 0;
			knownRegions = (
				en,
				Base,
			);
			mainGroup = A2F3D70922B2F5FF00E53671;
			productRefGroup = A2F3D71322B2F5FF00E53671 /* Products */;
			projectDirPath = "";
			projectRoot = "";
			targets = (
				A2F3D71122B2F5FF00E53671 /* CalendarView */,
			);
		};
/* End PBXProject section */

/* Begin PBXResourcesBuildPhase section */
		A2F3D71022B2F5FF00E53671 /* Resources */ = {
			isa = PBXResourcesBuildPhase;
			buildActionMask = 2147483647;
			files = (
				A2F3D72222B2F60000E53671 /* LaunchScreen.storyboard in Resources */,
				A2F3D71F22B2F60000E53671 /* Preview Assets.xcassets in Resources */,
				A2F3D71C22B2F60000E53671 /* Assets.xcassets in Resources */,
			);
			runOnlyForDeploymentPostprocessing = 0;
		};
/* End PBXResourcesBuildPhase section */

/* Begin PBXSourcesBuildPhase section */
		A2F3D70E22B2F5FF00E53671 /* Sources */ = {
			isa = PBXSourcesBuildPhase;
			buildActionMask = 2147483647;
			files = (
				A2D7C00422B869BD0093F422 /* WeekdayHeaderView.swift in Sources */,
				A2D7C00C22B9030D0093F422 /* CalendarView.swift in Sources */,
				A2FA042122BC448100AA7DC5 /* Month.swift in Sources */,
				A2D7C00622B86D350093F422 /* MonthView.swift in Sources */,
				A2F3D71622B2F5FF00E53671 /* AppDelegate.swift in Sources */,
				A2F3D71822B2F5FF00E53671 /* SceneDelegate.swift in Sources */,
				A294D95922BA6F4E0077EE2A /* DateRange.swift in Sources */,
				A2D7C00F22B904060093F422 /* Date+Additions.swift in Sources */,
				A2D7C00822B86D800093F422 /* MonthHeaderView.swift in Sources */,
			);
			runOnlyForDeploymentPostprocessing = 0;
		};
/* End PBXSourcesBuildPhase section */

/* Begin PBXVariantGroup section */
		A2F3D72022B2F60000E53671 /* LaunchScreen.storyboard */ = {
			isa = PBXVariantGroup;
			children = (
				A2F3D72122B2F60000E53671 /* Base */,
			);
			name = LaunchScreen.storyboard;
			sourceTree = "<group>";
		};
/* End PBXVariantGroup section */

/* Begin XCBuildConfiguration section */
		A2F3D72422B2F60000E53671 /* Debug */ = {
			isa = XCBuildConfiguration;
			buildSettings = {
				ALWAYS_SEARCH_USER_PATHS = NO;
				CLANG_ANALYZER_NONNULL = YES;
				CLANG_ANALYZER_NUMBER_OBJECT_CONVERSION = YES_AGGRESSIVE;
				CLANG_CXX_LANGUAGE_STANDARD = "gnu++14";
				CLANG_CXX_LIBRARY = "libc++";
				CLANG_ENABLE_MODULES = YES;
				CLANG_ENABLE_OBJC_ARC = YES;
				CLANG_ENABLE_OBJC_WEAK = YES;
				CLANG_WARN_BLOCK_CAPTURE_AUTORELEASING = YES;
				CLANG_WARN_BOOL_CONVERSION = YES;
				CLANG_WARN_COMMA = YES;
				CLANG_WARN_CONSTANT_CONVERSION = YES;
				CLANG_WARN_DEPRECATED_OBJC_IMPLEMENTATIONS = YES;
				CLANG_WARN_DIRECT_OBJC_ISA_USAGE = YES_ERROR;
				CLANG_WARN_DOCUMENTATION_COMMENTS = YES;
				CLANG_WARN_EMPTY_BODY = YES;
				CLANG_WARN_ENUM_CONVERSION = YES;
				CLANG_WARN_INFINITE_RECURSION = YES;
				CLANG_WARN_INT_CONVERSION = YES;
				CLANG_WARN_NON_LITERAL_NULL_CONVERSION = YES;
				CLANG_WARN_OBJC_IMPLICIT_RETAIN_SELF = YES;
				CLANG_WARN_OBJC_LITERAL_CONVERSION = YES;
				CLANG_WARN_OBJC_ROOT_CLASS = YES_ERROR;
				CLANG_WARN_RANGE_LOOP_ANALYSIS = YES;
				CLANG_WARN_STRICT_PROTOTYPES = YES;
				CLANG_WARN_SUSPICIOUS_MOVE = YES;
				CLANG_WARN_UNGUARDED_AVAILABILITY = YES_AGGRESSIVE;
				CLANG_WARN_UNREACHABLE_CODE = YES;
				CLANG_WARN__DUPLICATE_METHOD_MATCH = YES;
				COPY_PHASE_STRIP = NO;
				DEBUG_INFORMATION_FORMAT = dwarf;
				ENABLE_STRICT_OBJC_MSGSEND = YES;
				ENABLE_TESTABILITY = YES;
				GCC_C_LANGUAGE_STANDARD = gnu11;
				GCC_DYNAMIC_NO_PIC = NO;
				GCC_NO_COMMON_BLOCKS = YES;
				GCC_OPTIMIZATION_LEVEL = 0;
				GCC_PREPROCESSOR_DEFINITIONS = (
					"DEBUG=1",
					"$(inherited)",
				);
				GCC_WARN_64_TO_32_BIT_CONVERSION = YES;
				GCC_WARN_ABOUT_RETURN_TYPE = YES_ERROR;
				GCC_WARN_UNDECLARED_SELECTOR = YES;
				GCC_WARN_UNINITIALIZED_AUTOS = YES_AGGRESSIVE;
				GCC_WARN_UNUSED_FUNCTION = YES;
				GCC_WARN_UNUSED_VARIABLE = YES;
				IPHONEOS_DEPLOYMENT_TARGET = 13.0;
				MTL_ENABLE_DEBUG_INFO = INCLUDE_SOURCE;
				MTL_FAST_MATH = YES;
				ONLY_ACTIVE_ARCH = YES;
				SDKROOT = iphoneos;
				SWIFT_ACTIVE_COMPILATION_CONDITIONS = DEBUG;
				SWIFT_OPTIMIZATION_LEVEL = "-Onone";
			};
			name = Debug;
		};
		A2F3D72522B2F60000E53671 /* Release */ = {
			isa = XCBuildConfiguration;
			buildSettings = {
				ALWAYS_SEARCH_USER_PATHS = NO;
				CLANG_ANALYZER_NONNULL = YES;
				CLANG_ANALYZER_NUMBER_OBJECT_CONVERSION = YES_AGGRESSIVE;
				CLANG_CXX_LANGUAGE_STANDARD = "gnu++14";
				CLANG_CXX_LIBRARY = "libc++";
				CLANG_ENABLE_MODULES = YES;
				CLANG_ENABLE_OBJC_ARC = YES;
				CLANG_ENABLE_OBJC_WEAK = YES;
				CLANG_WARN_BLOCK_CAPTURE_AUTORELEASING = YES;
				CLANG_WARN_BOOL_CONVERSION = YES;
				CLANG_WARN_COMMA = YES;
				CLANG_WARN_CONSTANT_CONVERSION = YES;
				CLANG_WARN_DEPRECATED_OBJC_IMPLEMENTATIONS = YES;
				CLANG_WARN_DIRECT_OBJC_ISA_USAGE = YES_ERROR;
				CLANG_WARN_DOCUMENTATION_COMMENTS = YES;
				CLANG_WARN_EMPTY_BODY = YES;
				CLANG_WARN_ENUM_CONVERSION = YES;
				CLANG_WARN_INFINITE_RECURSION = YES;
				CLANG_WARN_INT_CONVERSION = YES;
				CLANG_WARN_NON_LITERAL_NULL_CONVERSION = YES;
				CLANG_WARN_OBJC_IMPLICIT_RETAIN_SELF = YES;
				CLANG_WARN_OBJC_LITERAL_CONVERSION = YES;
				CLANG_WARN_OBJC_ROOT_CLASS = YES_ERROR;
				CLANG_WARN_RANGE_LOOP_ANALYSIS = YES;
				CLANG_WARN_STRICT_PROTOTYPES = YES;
				CLANG_WARN_SUSPICIOUS_MOVE = YES;
				CLANG_WARN_UNGUARDED_AVAILABILITY = YES_AGGRESSIVE;
				CLANG_WARN_UNREACHABLE_CODE = YES;
				CLANG_WARN__DUPLICATE_METHOD_MATCH = YES;
				COPY_PHASE_STRIP = NO;
				DEBUG_INFORMATION_FORMAT = "dwarf-with-dsym";
				ENABLE_NS_ASSERTIONS = NO;
				ENABLE_STRICT_OBJC_MSGSEND = YES;
				GCC_C_LANGUAGE_STANDARD = gnu11;
				GCC_NO_COMMON_BLOCKS = YES;
				GCC_WARN_64_TO_32_BIT_CONVERSION = YES;
				GCC_WARN_ABOUT_RETURN_TYPE = YES_ERROR;
				GCC_WARN_UNDECLARED_SELECTOR = YES;
				GCC_WARN_UNINITIALIZED_AUTOS = YES_AGGRESSIVE;
				GCC_WARN_UNUSED_FUNCTION = YES;
				GCC_WARN_UNUSED_VARIABLE = YES;
				IPHONEOS_DEPLOYMENT_TARGET = 13.0;
				MTL_ENABLE_DEBUG_INFO = NO;
				MTL_FAST_MATH = YES;
				SDKROOT = iphoneos;
				SWIFT_COMPILATION_MODE = wholemodule;
				SWIFT_OPTIMIZATION_LEVEL = "-O";
				VALIDATE_PRODUCT = YES;
			};
			name = Release;
		};
		A2F3D72722B2F60000E53671 /* Debug */ = {
			isa = XCBuildConfiguration;
			buildSettings = {
				ASSETCATALOG_COMPILER_APPICON_NAME = AppIcon;
				CODE_SIGN_STYLE = Automatic;
				DEVELOPMENT_ASSET_PATHS = "CalendarView/Preview\\ Content";
				DEVELOPMENT_TEAM = 6PQJ4KYE37;
				ENABLE_PREVIEWS = YES;
				INFOPLIST_FILE = CalendarView/Resources/Info.plist;
				LD_RUNPATH_SEARCH_PATHS = (
					"$(inherited)",
					"@executable_path/Frameworks",
				);
				PRODUCT_BUNDLE_IDENTIFIER = alexanderkerendian.CalendarView;
				PRODUCT_NAME = "$(TARGET_NAME)";
				SWIFT_VERSION = 5.0;
				TARGETED_DEVICE_FAMILY = "1,2";
			};
			name = Debug;
		};
		A2F3D72822B2F60000E53671 /* Release */ = {
			isa = XCBuildConfiguration;
			buildSettings = {
				ASSETCATALOG_COMPILER_APPICON_NAME = AppIcon;
				CODE_SIGN_STYLE = Automatic;
				DEVELOPMENT_ASSET_PATHS = "CalendarView/Preview\\ Content";
				DEVELOPMENT_TEAM = 6PQJ4KYE37;
				ENABLE_PREVIEWS = YES;
				INFOPLIST_FILE = CalendarView/Resources/Info.plist;
				LD_RUNPATH_SEARCH_PATHS = (
					"$(inherited)",
					"@executable_path/Frameworks",
				);
				PRODUCT_BUNDLE_IDENTIFIER = alexanderkerendian.CalendarView;
				PRODUCT_NAME = "$(TARGET_NAME)";
				SWIFT_VERSION = 5.0;
				TARGETED_DEVICE_FAMILY = "1,2";
			};
			name = Release;
		};
/* End XCBuildConfiguration section */

/* Begin XCConfigurationList section */
		A2F3D70D22B2F5FF00E53671 /* Build configuration list for PBXProject "CalendarView" */ = {
			isa = XCConfigurationList;
			buildConfigurations = (
				A2F3D72422B2F60000E53671 /* Debug */,
				A2F3D72522B2F60000E53671 /* Release */,
			);
			defaultConfigurationIsVisible = 0;
			defaultConfigurationName = Release;
		};
		A2F3D72622B2F60000E53671 /* Build configuration list for PBXNativeTarget "CalendarView" */ = {
			isa = XCConfigurationList;
			buildConfigurations = (
				A2F3D72722B2F60000E53671 /* Debug */,
				A2F3D72822B2F60000E53671 /* Release */,
			);
			defaultConfigurationIsVisible = 0;
			defaultConfigurationName = Release;
		};
/* End XCConfigurationList section */
	};
	rootObject = A2F3D70A22B2F5FF00E53671 /* Project object */;
}
